
Microsoft Visual Studio Solution File, Format Version 12.00
# Visual Studio Version 16
VisualStudioVersion = 16.0.31702.278
MinimumVisualStudioVersion = 10.0.40219.1
Project("{FAE04EC0-301F-11D3-BF4B-00C04F79EFBC}") = "bootcamp-curriculum", "bootcamp-curriculum\bootcamp-curriculum.csproj", "{D2A3FAD6-CE83-482D-BA9E-14DF80D599B3}"
EndProject
Global
	GlobalSection(SolutionConfigurationPlatforms) = preSolution
		Debug|Any CPU = Debug|Any CPU
		Release|Any CPU = Release|Any CPU
	EndGlobalSection
	GlobalSection(ProjectConfigurationPlatforms) = postSolution
		{D2A3FAD6-CE83-482D-BA9E-14DF80D599B3}.Debug|Any CPU.ActiveCfg = Debug|Any CPU
		{D2A3FAD6-CE83-482D-BA9E-14DF80D599B3}.Debug|Any CPU.Build.0 = Debug|Any CPU
		{D2A3FAD6-CE83-482D-BA9E-14DF80D599B3}.Release|Any CPU.ActiveCfg = Release|Any CPU
		{D2A3FAD6-CE83-482D-BA9E-14DF80D599B3}.Release|Any CPU.Build.0 = Release|Any CPU
	EndGlobalSection
	GlobalSection(SolutionProperties) = preSolution
		HideSolutionNode = FALSE
	EndGlobalSection
	GlobalSection(ExtensibilityGlobals) = postSolution
		SolutionGuid = {7CFD71EF-717F-4A41-90F1-A26F7A36E5DC}
	EndGlobalSection
EndGlobal
